PODS:
  - Alamofire (4.8.2)
  - GoogleMaps (3.0.3):
    - GoogleMaps/Maps (= 3.0.3)
  - GoogleMaps/Base (3.0.3)
  - GoogleMaps/Maps (3.0.3):
    - GoogleMaps/Base
  - GooglePlaces (3.0.3):
    - GoogleMaps/Base (= 3.0.3)
  - GooglePlacesAPI (1.1.4):
    - Alamofire (~> 4)
    - ObjectMapper (~> 3)
  - ObjectMapper (3.4.2)
  - SwiftyJSON (4.2.0)

DEPENDENCIES:
  - GoogleMaps
  - GooglePlaces
  - GooglePlacesAPI
  - SwiftyJSON

SPEC REPOS:
  https://github.com/cocoapods/specs.git:
    - Alamofire
    - GoogleMaps
    - GooglePlaces
    - GooglePlacesAPI
    - ObjectMapper
    - SwiftyJSON

SPEC CHECKSUMS:
  Alamofire: ae5c501addb7afdbb13687d7f2f722c78734c2d3
  GoogleMaps: fd5c9fa58871781b9fb94d4936f19c69fe60ce32
  GooglePlaces: f09e76993c9c3ee4af8f4f7f535bb94d6aa3b649
  GooglePlacesAPI: 6184a463b58443f1bde3fab6ce725c1c8e540419
  ObjectMapper: 0d4402610f4e468903ae64629eec4784531e5c51
  SwiftyJSON: c4bcba26dd9ec7a027fc8eade48e2c911f229e96

PODFILE CHECKSUM: de78b3cc7c3342e6f0191d701ad3c4392c6c8cc7

COCOAPODS: 1.6.1
